
Microsoft Visual Studio Solution File, Format Version 12.00
# Visual Studio Version 17
VisualStudioVersion = 17.8.34309.116
MinimumVisualStudioVersion = 10.0.40219.1
Project("{9A19103F-16F7-4668-BE54-9A1E7A4F7556}") = "EndpointsSystem.CLI", "EndpointsSystem.CLI\EndpointsSystem.CLI.csproj", "{DFC63B02-0420-4383-8F32-DC7B48436792}"
EndProject
Project("{9A19103F-16F7-4668-BE54-9A1E7A4F7556}") = "EndpointSystem.Application", "EndpointSystem.Application\EndpointSystem.Application.csproj", "{1A12A98F-BC28-4389-8325-12F1C8839352}"
EndProject
Project("{9A19103F-16F7-4668-BE54-9A1E7A4F7556}") = "EndpointsSystem.Web", "EndpointsSystem.Web\EndpointsSystem.Web.csproj", "{5E20A178-F350-4A76-A0D0-E22C28A50AA1}"
EndProject
Project("{FAE04EC0-301F-11D3-BF4B-00C04F79EFBC}") = "EndpointsSystem.Domain", "EndpointsSystem.Domain\EndpointsSystem.Domain.csproj", "{E99C347A-7694-4A20-A9D1-197B8567B5AF}"
EndProject
Project("{FAE04EC0-301F-11D3-BF4B-00C04F79EFBC}") = "EndpointsSystem.Data", "EndpointsSystem.Data\EndpointsSystem.Data.csproj", "{3DF94DAF-553C-44DF-A9B0-CC224364DA2E}"
EndProject
Global
	GlobalSection(SolutionConfigurationPlatforms) = preSolution
		Debug|Any CPU = Debug|Any CPU
		Release|Any CPU = Release|Any CPU
	EndGlobalSection
	GlobalSection(ProjectConfigurationPlatforms) = postSolution
		{DFC63B02-0420-4383-8F32-DC7B48436792}.Debug|Any CPU.ActiveCfg = Debug|Any CPU
		{DFC63B02-0420-4383-8F32-DC7B48436792}.Debug|Any CPU.Build.0 = Debug|Any CPU
		{DFC63B02-0420-4383-8F32-DC7B48436792}.Release|Any CPU.ActiveCfg = Release|Any CPU
		{DFC63B02-0420-4383-8F32-DC7B48436792}.Release|Any CPU.Build.0 = Release|Any CPU
		{1A12A98F-BC28-4389-8325-12F1C8839352}.Debug|Any CPU.ActiveCfg = Debug|Any CPU
		{1A12A98F-BC28-4389-8325-12F1C8839352}.Debug|Any CPU.Build.0 = Debug|Any CPU
		{1A12A98F-BC28-4389-8325-12F1C8839352}.Release|Any CPU.ActiveCfg = Release|Any CPU
		{1A12A98F-BC28-4389-8325-12F1C8839352}.Release|Any CPU.Build.0 = Release|Any CPU
		{5E20A178-F350-4A76-A0D0-E22C28A50AA1}.Debug|Any CPU.ActiveCfg = Debug|Any CPU
		{5E20A178-F350-4A76-A0D0-E22C28A50AA1}.Debug|Any CPU.Build.0 = Debug|Any CPU
		{5E20A178-F350-4A76-A0D0-E22C28A50AA1}.Release|Any CPU.ActiveCfg = Release|Any CPU
		{5E20A178-F350-4A76-A0D0-E22C28A50AA1}.Release|Any CPU.Build.0 = Release|Any CPU
		{E99C347A-7694-4A20-A9D1-197B8567B5AF}.Debug|Any CPU.ActiveCfg = Debug|Any CPU
		{E99C347A-7694-4A20-A9D1-197B8567B5AF}.Debug|Any CPU.Build.0 = Debug|Any CPU
		{E99C347A-7694-4A20-A9D1-197B8567B5AF}.Release|Any CPU.ActiveCfg = Release|Any CPU
		{E99C347A-7694-4A20-A9D1-197B8567B5AF}.Release|Any CPU.Build.0 = Release|Any CPU
		{3DF94DAF-553C-44DF-A9B0-CC224364DA2E}.Debug|Any CPU.ActiveCfg = Debug|Any CPU
		{3DF94DAF-553C-44DF-A9B0-CC224364DA2E}.Debug|Any CPU.Build.0 = Debug|Any CPU
		{3DF94DAF-553C-44DF-A9B0-CC224364DA2E}.Release|Any CPU.ActiveCfg = Release|Any CPU
		{3DF94DAF-553C-44DF-A9B0-CC224364DA2E}.Release|Any CPU.Build.0 = Release|Any CPU
	EndGlobalSection
	GlobalSection(SolutionProperties) = preSolution
		HideSolutionNode = FALSE
	EndGlobalSection
	GlobalSection(ExtensibilityGlobals) = postSolution
		SolutionGuid = {CF7D4632-12B9-47B2-9D6F-3C5245C700E4}
	EndGlobalSection
EndGlobal
